
Microsoft Visual Studio Solution File, Format Version 12.00
# Visual Studio Version 17
VisualStudioVersion = 17.5.33627.172
MinimumVisualStudioVersion = 10.0.40219.1
Project("{2150E333-8FDC-42A3-9474-1A3956D46DE8}") = "Tests", "Tests", "{A07B706B-AA10-43DA-9614-609D1CD48548}"
EndProject
Project("{9A19103F-16F7-4668-BE54-9A1E7A4F7556}") = "UtilityTools.Modules.ModuleName.Tests", "Tests\UtilityTools.Modules.ModuleName.Tests\UtilityTools.Modules.ModuleName.Tests.csproj", "{469FB20A-66A2-4019-896C-6A28DC30F7D3}"
EndProject
Project("{2150E333-8FDC-42A3-9474-1A3956D46DE8}") = "Modules", "Modules", "{29EBDD46-32BF-4A3D-891B-FE378C4F415F}"
EndProject
Project("{2150E333-8FDC-42A3-9474-1A3956D46DE8}") = "Services", "Services", "{2D91EC03-945E-474A-A0B0-C3C919521551}"
EndProject
Project("{9A19103F-16F7-4668-BE54-9A1E7A4F7556}") = "UtilityTools.Services", "Services\UtilityTools.Services\UtilityTools.Services.csproj", "{256E7412-C06B-4421-A352-2E2E2D4EB777}"
EndProject
Project("{9A19103F-16F7-4668-BE54-9A1E7A4F7556}") = "UtilityTools.Services.Interfaces", "Services\UtilityTools.Services.Interfaces\UtilityTools.Services.Interfaces.csproj", "{7FF286B9-E0BA-4AAB-A5F9-85F6A22112EB}"
EndProject
Project("{9A19103F-16F7-4668-BE54-9A1E7A4F7556}") = "UtilityTools", "UtilityTools\UtilityTools.csproj", "{01CB9FF4-A5B7-458D-986E-DB578BCE969B}"
EndProject
Project("{9A19103F-16F7-4668-BE54-9A1E7A4F7556}") = "UtilityTools.Core", "UtilityTools.Core\UtilityTools.Core.csproj", "{DF2BE10A-62A2-47CE-A35A-0E2A01F23198}"
EndProject
Project("{9A19103F-16F7-4668-BE54-9A1E7A4F7556}") = "UtilityTools.Modules.NetController", "Modules\UtilityTools.Modules.NetController\UtilityTools.Modules.NetController.csproj", "{2C8E4917-E8F6-4F5D-8B56-1EF0810999D3}"
EndProject
Project("{9A19103F-16F7-4668-BE54-9A1E7A4F7556}") = "UtilityTools.Modules.VacMonitor", "Modules\UtilityTools.Modules.ModuleName\UtilityTools.Modules.VacMonitor\UtilityTools.Modules.VacMonitor.csproj", "{2EFD5583-AF17-42FA-A6CD-42ACB25D616E}"
EndProject
Project("{9A19103F-16F7-4668-BE54-9A1E7A4F7556}") = "UtilityTools.Modules.Motor5Controller", "Modules\UtilityTools.Modules.Motor5Controller\UtilityTools.Modules.Motor5Controller.csproj", "{784EB163-E55A-4654-B03E-E899869B8AEC}"
EndProject
Project("{9A19103F-16F7-4668-BE54-9A1E7A4F7556}") = "UtilityTools.UserControls", "UtilityTools.UserControls\UtilityTools.UserControls.csproj", "{72AA155D-AAD3-411B-85FD-5E81EAE1DBC9}"
EndProject
Project("{9A19103F-16F7-4668-BE54-9A1E7A4F7556}") = "UtilityTools.Modules.HvController", "Modules\HvController\UtilityTools.Modules.HvController.csproj", "{C8AA4F34-67B0-4FDD-831C-7BD2DB5DF378}"
EndProject
Project("{9A19103F-16F7-4668-BE54-9A1E7A4F7556}") = "UtilityTools.Modules.ImageAnalyzer", "Modules\UtilityTools.Modules.ImageAnalyzer\UtilityTools.Modules.ImageAnalyzer.csproj", "{555F4C0A-89A7-4718-A404-CC983EE95422}"
EndProject
Project("{FAE04EC0-301F-11D3-BF4B-00C04F79EFBC}") = "UtilityTools.Modules.ImageAnalyzer.Tests", "Tests\UtilityTools.Modules.ImageAnalyzer.Tests\UtilityTools.Modules.ImageAnalyzer.Tests.csproj", "{FFE94774-B333-4B85-B6E1-B2DB258E5F54}"
Project("{9A19103F-16F7-4668-BE54-9A1E7A4F7556}") = "UtilityTools.Modules.IonPump", "Modules\UtilityTools.Modules.IonPump\UtilityTools.Modules.IonPump.csproj", "{AA3522D2-0D9E-4231-9812-3A7B52AFC96C}"
EndProject
Project("{FAE04EC0-301F-11D3-BF4B-00C04F79EFBC}") = "UtilityTools.Modules.IonPump.Tests", "Tests\UtilityTools.Modules.IonPump.Tests\UtilityTools.Modules.IonPump.Tests.csproj", "{4E2D4D3D-94FC-4C5E-A815-C1099A4322CC}"
EndProject
Global
	GlobalSection(SolutionConfigurationPlatforms) = preSolution
		Debug|Any CPU = Debug|Any CPU
		Release|Any CPU = Release|Any CPU
	EndGlobalSection
	GlobalSection(ProjectConfigurationPlatforms) = postSolution
		{469FB20A-66A2-4019-896C-6A28DC30F7D3}.Debug|Any CPU.ActiveCfg = Debug|Any CPU
		{469FB20A-66A2-4019-896C-6A28DC30F7D3}.Debug|Any CPU.Build.0 = Debug|Any CPU
		{469FB20A-66A2-4019-896C-6A28DC30F7D3}.Release|Any CPU.ActiveCfg = Release|Any CPU
		{469FB20A-66A2-4019-896C-6A28DC30F7D3}.Release|Any CPU.Build.0 = Release|Any CPU
		{256E7412-C06B-4421-A352-2E2E2D4EB777}.Debug|Any CPU.ActiveCfg = Debug|Any CPU
		{256E7412-C06B-4421-A352-2E2E2D4EB777}.Debug|Any CPU.Build.0 = Debug|Any CPU
		{256E7412-C06B-4421-A352-2E2E2D4EB777}.Release|Any CPU.ActiveCfg = Release|Any CPU
		{256E7412-C06B-4421-A352-2E2E2D4EB777}.Release|Any CPU.Build.0 = Release|Any CPU
		{7FF286B9-E0BA-4AAB-A5F9-85F6A22112EB}.Debug|Any CPU.ActiveCfg = Debug|Any CPU
		{7FF286B9-E0BA-4AAB-A5F9-85F6A22112EB}.Debug|Any CPU.Build.0 = Debug|Any CPU
		{7FF286B9-E0BA-4AAB-A5F9-85F6A22112EB}.Release|Any CPU.ActiveCfg = Release|Any CPU
		{7FF286B9-E0BA-4AAB-A5F9-85F6A22112EB}.Release|Any CPU.Build.0 = Release|Any CPU
		{01CB9FF4-A5B7-458D-986E-DB578BCE969B}.Debug|Any CPU.ActiveCfg = Debug|Any CPU
		{01CB9FF4-A5B7-458D-986E-DB578BCE969B}.Debug|Any CPU.Build.0 = Debug|Any CPU
		{01CB9FF4-A5B7-458D-986E-DB578BCE969B}.Release|Any CPU.ActiveCfg = Release|Any CPU
		{01CB9FF4-A5B7-458D-986E-DB578BCE969B}.Release|Any CPU.Build.0 = Release|Any CPU
		{DF2BE10A-62A2-47CE-A35A-0E2A01F23198}.Debug|Any CPU.ActiveCfg = Debug|Any CPU
		{DF2BE10A-62A2-47CE-A35A-0E2A01F23198}.Debug|Any CPU.Build.0 = Debug|Any CPU
		{DF2BE10A-62A2-47CE-A35A-0E2A01F23198}.Release|Any CPU.ActiveCfg = Release|Any CPU
		{DF2BE10A-62A2-47CE-A35A-0E2A01F23198}.Release|Any CPU.Build.0 = Release|Any CPU
		{2C8E4917-E8F6-4F5D-8B56-1EF0810999D3}.Debug|Any CPU.ActiveCfg = Debug|Any CPU
		{2C8E4917-E8F6-4F5D-8B56-1EF0810999D3}.Debug|Any CPU.Build.0 = Debug|Any CPU
		{2C8E4917-E8F6-4F5D-8B56-1EF0810999D3}.Release|Any CPU.ActiveCfg = Release|Any CPU
		{2C8E4917-E8F6-4F5D-8B56-1EF0810999D3}.Release|Any CPU.Build.0 = Release|Any CPU
		{2EFD5583-AF17-42FA-A6CD-42ACB25D616E}.Debug|Any CPU.ActiveCfg = Debug|Any CPU
		{2EFD5583-AF17-42FA-A6CD-42ACB25D616E}.Debug|Any CPU.Build.0 = Debug|Any CPU
		{2EFD5583-AF17-42FA-A6CD-42ACB25D616E}.Release|Any CPU.ActiveCfg = Release|Any CPU
		{2EFD5583-AF17-42FA-A6CD-42ACB25D616E}.Release|Any CPU.Build.0 = Release|Any CPU
		{784EB163-E55A-4654-B03E-E899869B8AEC}.Debug|Any CPU.ActiveCfg = Debug|Any CPU
		{784EB163-E55A-4654-B03E-E899869B8AEC}.Debug|Any CPU.Build.0 = Debug|Any CPU
		{784EB163-E55A-4654-B03E-E899869B8AEC}.Release|Any CPU.ActiveCfg = Release|Any CPU
		{784EB163-E55A-4654-B03E-E899869B8AEC}.Release|Any CPU.Build.0 = Release|Any CPU
		{72AA155D-AAD3-411B-85FD-5E81EAE1DBC9}.Debug|Any CPU.ActiveCfg = Debug|Any CPU
		{72AA155D-AAD3-411B-85FD-5E81EAE1DBC9}.Debug|Any CPU.Build.0 = Debug|Any CPU
		{72AA155D-AAD3-411B-85FD-5E81EAE1DBC9}.Release|Any CPU.ActiveCfg = Release|Any CPU
		{72AA155D-AAD3-411B-85FD-5E81EAE1DBC9}.Release|Any CPU.Build.0 = Release|Any CPU
		{C8AA4F34-67B0-4FDD-831C-7BD2DB5DF378}.Debug|Any CPU.ActiveCfg = Debug|Any CPU
		{C8AA4F34-67B0-4FDD-831C-7BD2DB5DF378}.Debug|Any CPU.Build.0 = Debug|Any CPU
		{C8AA4F34-67B0-4FDD-831C-7BD2DB5DF378}.Release|Any CPU.ActiveCfg = Release|Any CPU
		{C8AA4F34-67B0-4FDD-831C-7BD2DB5DF378}.Release|Any CPU.Build.0 = Release|Any CPU
		{555F4C0A-89A7-4718-A404-CC983EE95422}.Debug|Any CPU.ActiveCfg = Debug|Any CPU
		{555F4C0A-89A7-4718-A404-CC983EE95422}.Debug|Any CPU.Build.0 = Debug|Any CPU
		{555F4C0A-89A7-4718-A404-CC983EE95422}.Release|Any CPU.ActiveCfg = Release|Any CPU
		{555F4C0A-89A7-4718-A404-CC983EE95422}.Release|Any CPU.Build.0 = Release|Any CPU
		{FFE94774-B333-4B85-B6E1-B2DB258E5F54}.Debug|Any CPU.ActiveCfg = Debug|Any CPU
		{FFE94774-B333-4B85-B6E1-B2DB258E5F54}.Debug|Any CPU.Build.0 = Debug|Any CPU
		{FFE94774-B333-4B85-B6E1-B2DB258E5F54}.Release|Any CPU.ActiveCfg = Release|Any CPU
		{FFE94774-B333-4B85-B6E1-B2DB258E5F54}.Release|Any CPU.Build.0 = Release|Any CPU
		{AA3522D2-0D9E-4231-9812-3A7B52AFC96C}.Debug|Any CPU.ActiveCfg = Debug|Any CPU
		{AA3522D2-0D9E-4231-9812-3A7B52AFC96C}.Debug|Any CPU.Build.0 = Debug|Any CPU
		{AA3522D2-0D9E-4231-9812-3A7B52AFC96C}.Release|Any CPU.ActiveCfg = Release|Any CPU
		{AA3522D2-0D9E-4231-9812-3A7B52AFC96C}.Release|Any CPU.Build.0 = Release|Any CPU
		{4E2D4D3D-94FC-4C5E-A815-C1099A4322CC}.Debug|Any CPU.ActiveCfg = Debug|Any CPU
		{4E2D4D3D-94FC-4C5E-A815-C1099A4322CC}.Debug|Any CPU.Build.0 = Debug|Any CPU
		{4E2D4D3D-94FC-4C5E-A815-C1099A4322CC}.Release|Any CPU.ActiveCfg = Release|Any CPU
		{4E2D4D3D-94FC-4C5E-A815-C1099A4322CC}.Release|Any CPU.Build.0 = Release|Any CPU
	EndGlobalSection
	GlobalSection(SolutionProperties) = preSolution
		HideSolutionNode = FALSE
	EndGlobalSection
	GlobalSection(NestedProjects) = preSolution
		{469FB20A-66A2-4019-896C-6A28DC30F7D3} = {A07B706B-AA10-43DA-9614-609D1CD48548}
		{256E7412-C06B-4421-A352-2E2E2D4EB777} = {2D91EC03-945E-474A-A0B0-C3C919521551}
		{7FF286B9-E0BA-4AAB-A5F9-85F6A22112EB} = {2D91EC03-945E-474A-A0B0-C3C919521551}
		{2C8E4917-E8F6-4F5D-8B56-1EF0810999D3} = {29EBDD46-32BF-4A3D-891B-FE378C4F415F}
		{2EFD5583-AF17-42FA-A6CD-42ACB25D616E} = {29EBDD46-32BF-4A3D-891B-FE378C4F415F}
		{784EB163-E55A-4654-B03E-E899869B8AEC} = {29EBDD46-32BF-4A3D-891B-FE378C4F415F}
		{C8AA4F34-67B0-4FDD-831C-7BD2DB5DF378} = {29EBDD46-32BF-4A3D-891B-FE378C4F415F}
		{555F4C0A-89A7-4718-A404-CC983EE95422} = {29EBDD46-32BF-4A3D-891B-FE378C4F415F}
		{FFE94774-B333-4B85-B6E1-B2DB258E5F54} = {A07B706B-AA10-43DA-9614-609D1CD48548}
		{AA3522D2-0D9E-4231-9812-3A7B52AFC96C} = {29EBDD46-32BF-4A3D-891B-FE378C4F415F}
		{4E2D4D3D-94FC-4C5E-A815-C1099A4322CC} = {A07B706B-AA10-43DA-9614-609D1CD48548}
	EndGlobalSection
	GlobalSection(ExtensibilityGlobals) = postSolution
		SolutionGuid = {4877E460-1ABE-4B63-8221-9202D7477E25}
	EndGlobalSection
EndGlobal
